// !$*UTF8*$!
{
	archiveVersion = 1;
	classes = {
	};
	objectVersion = 51;
	objects = {

/* Begin PBXBuildFile section */
		C166E57C26F9AAEB007451DE /* AppDelegate.swift in Sources */ = {isa = PBXBuildFile; fileRef = C166E57B26F9AAEB007451DE /* AppDelegate.swift */; };
		C166E57E26F9AAEB007451DE /* SceneDelegate.swift in Sources */ = {isa = PBXBuildFile; fileRef = C166E57D26F9AAEB007451DE /* SceneDelegate.swift */; };
		C166E58326F9AAEB007451DE /* Main.storyboard in Resources */ = {isa = PBXBuildFile; fileRef = C166E58126F9AAEB007451DE /* Main.storyboard */; };
		C166E58526F9AAEF007451DE /* Assets.xcassets in Resources */ = {isa = PBXBuildFile; fileRef = C166E58426F9AAEF007451DE /* Assets.xcassets */; };
		C166E58826F9AAEF007451DE /* LaunchScreen.storyboard in Resources */ = {isa = PBXBuildFile; fileRef = C166E58626F9AAEF007451DE /* LaunchScreen.storyboard */; };
		C166E59026F9DD1A007451DE /* CardListViewController.swift in Sources */ = {isa = PBXBuildFile; fileRef = C166E58F26F9DD1A007451DE /* CardListViewController.swift */; };
		C166E59226F9E056007451DE /* CreditCard.swift in Sources */ = {isa = PBXBuildFile; fileRef = C166E59126F9E056007451DE /* CreditCard.swift */; };
		C166E59526F9E123007451DE /* CardListCell.swift in Sources */ = {isa = PBXBuildFile; fileRef = C166E59326F9E123007451DE /* CardListCell.swift */; };
		C166E59626F9E123007451DE /* CardListCell.xib in Resources */ = {isa = PBXBuildFile; fileRef = C166E59426F9E123007451DE /* CardListCell.xib */; };
		C166E59A26F9EB8F007451DE /* CardDetailViewController.swift in Sources */ = {isa = PBXBuildFile; fileRef = C166E59926F9EB8F007451DE /* CardDetailViewController.swift */; };
		C166E59C26F9ED75007451DE /* money.json in Resources */ = {isa = PBXBuildFile; fileRef = C166E59B26F9ED75007451DE /* money.json */; };
		C166E59E26F9F3FF007451DE /* GoogleService-Info.plist in Resources */ = {isa = PBXBuildFile; fileRef = C166E59D26F9F3FF007451DE /* GoogleService-Info.plist */; };
		D8261E237AF94D8CFCC9344D /* Pods_CreditCardList.framework in Frameworks */ = {isa = PBXBuildFile; fileRef = FA47853185F63107E2A7E4D0 /* Pods_CreditCardList.framework */; };
/* End PBXBuildFile section */

/* Begin PBXFileReference section */
		C166E57826F9AAEB007451DE /* CreditCardList.app */ = {isa = PBXFileReference; explicitFileType = wrapper.application; includeInIndex = 0; path = CreditCardList.app; sourceTree = BUILT_PRODUCTS_DIR; };
		C166E57B26F9AAEB007451DE /* AppDelegate.swift */ = {isa = PBXFileReference; lastKnownFileType = sourcecode.swift; path = AppDelegate.swift; sourceTree = "<group>"; };
		C166E57D26F9AAEB007451DE /* SceneDelegate.swift */ = {isa = PBXFileReference; lastKnownFileType = sourcecode.swift; path = SceneDelegate.swift; sourceTree = "<group>"; };
		C166E58226F9AAEB007451DE /* Base */ = {isa = PBXFileReference; lastKnownFileType = file.storyboard; name = Base; path = Base.lproj/Main.storyboard; sourceTree = "<group>"; };
		C166E58426F9AAEF007451DE /* Assets.xcassets */ = {isa = PBXFileReference; lastKnownFileType = folder.assetcatalog; path = Assets.xcassets; sourceTree = "<group>"; };
		C166E58726F9AAEF007451DE /* Base */ = {isa = PBXFileReference; lastKnownFileType = file.storyboard; name = Base; path = Base.lproj/LaunchScreen.storyboard; sourceTree = "<group>"; };
		C166E58926F9AAEF007451DE /* Info.plist */ = {isa = PBXFileReference; lastKnownFileType = text.plist.xml; path = Info.plist; sourceTree = "<group>"; };
		C166E58F26F9DD1A007451DE /* CardListViewController.swift */ = {isa = PBXFileReference; lastKnownFileType = sourcecode.swift; path = CardListViewController.swift; sourceTree = "<group>"; };
		C166E59126F9E056007451DE /* CreditCard.swift */ = {isa = PBXFileReference; lastKnownFileType = sourcecode.swift; path = CreditCard.swift; sourceTree = "<group>"; };
		C166E59326F9E123007451DE /* CardListCell.swift */ = {isa = PBXFileReference; lastKnownFileType = sourcecode.swift; path = CardListCell.swift; sourceTree = "<group>"; };
		C166E59426F9E123007451DE /* CardListCell.xib */ = {isa = PBXFileReference; lastKnownFileType = file.xib; path = CardListCell.xib; sourceTree = "<group>"; };
		C166E59926F9EB8F007451DE /* CardDetailViewController.swift */ = {isa = PBXFileReference; lastKnownFileType = sourcecode.swift; path = CardDetailViewController.swift; sourceTree = "<group>"; };
		C166E59B26F9ED75007451DE /* money.json */ = {isa = PBXFileReference; fileEncoding = 4; lastKnownFileType = text.json; path = money.json; sourceTree = "<group>"; };
		C166E59D26F9F3FF007451DE /* GoogleService-Info.plist */ = {isa = PBXFileReference; fileEncoding = 4; lastKnownFileType = text.plist.xml; path = "GoogleService-Info.plist"; sourceTree = "<group>"; };
		C6E5CDF3A3529C7FC6CFD7AF /* Pods-CreditCardList.release.xcconfig */ = {isa = PBXFileReference; includeInIndex = 1; lastKnownFileType = text.xcconfig; name = "Pods-CreditCardList.release.xcconfig"; path = "Target Support Files/Pods-CreditCardList/Pods-CreditCardList.release.xcconfig"; sourceTree = "<group>"; };
		CE15D610B0E1A81CB5DADAEE /* Pods-CreditCardList.debug.xcconfig */ = {isa = PBXFileReference; includeInIndex = 1; lastKnownFileType = text.xcconfig; name = "Pods-CreditCardList.debug.xcconfig"; path = "Target Support Files/Pods-CreditCardList/Pods-CreditCardList.debug.xcconfig"; sourceTree = "<group>"; };
		FA47853185F63107E2A7E4D0 /* Pods_CreditCardList.framework */ = {isa = PBXFileReference; explicitFileType = wrapper.framework; includeInIndex = 0; path = Pods_CreditCardList.framework; sourceTree = BUILT_PRODUCTS_DIR; };
/* End PBXFileReference section */

/* Begin PBXFrameworksBuildPhase section */
		C166E57526F9AAEB007451DE /* Frameworks */ = {
			isa = PBXFrameworksBuildPhase;
			buildActionMask = 2147483647;
			files = (
				D8261E237AF94D8CFCC9344D /* Pods_CreditCardList.framework in Frameworks */,
			);
			runOnlyForDeploymentPostprocessing = 0;
		};
/* End PBXFrameworksBuildPhase section */

/* Begin PBXGroup section */
		19859F32CCE2A427E8328886 /* Frameworks */ = {
			isa = PBXGroup;
			children = (
				FA47853185F63107E2A7E4D0 /* Pods_CreditCardList.framework */,
			);
			name = Frameworks;
			sourceTree = "<group>";
		};
		74AAA28E43B28C9EFAB950DE /* Pods */ = {
			isa = PBXGroup;
			children = (
				CE15D610B0E1A81CB5DADAEE /* Pods-CreditCardList.debug.xcconfig */,
				C6E5CDF3A3529C7FC6CFD7AF /* Pods-CreditCardList.release.xcconfig */,
			);
			path = Pods;
			sourceTree = "<group>";
		};
		C166E56F26F9AAEB007451DE = {
			isa = PBXGroup;
			children = (
				C166E57A26F9AAEB007451DE /* CreditCardList */,
				C166E57926F9AAEB007451DE /* Products */,
				74AAA28E43B28C9EFAB950DE /* Pods */,
				19859F32CCE2A427E8328886 /* Frameworks */,
			);
			sourceTree = "<group>";
		};
		C166E57926F9AAEB007451DE /* Products */ = {
			isa = PBXGroup;
			children = (
				C166E57826F9AAEB007451DE /* CreditCardList.app */,
			);
			name = Products;
			sourceTree = "<group>";
		};
		C166E57A26F9AAEB007451DE /* CreditCardList */ = {
			isa = PBXGroup;
			children = (
				C166E59D26F9F3FF007451DE /* GoogleService-Info.plist */,
				C166E59B26F9ED75007451DE /* money.json */,
				C166E57B26F9AAEB007451DE /* AppDelegate.swift */,
				C166E57D26F9AAEB007451DE /* SceneDelegate.swift */,
				C166E58126F9AAEB007451DE /* Main.storyboard */,
				C166E59326F9E123007451DE /* CardListCell.swift */,
				C166E59426F9E123007451DE /* CardListCell.xib */,
				C166E59126F9E056007451DE /* CreditCard.swift */,
				C166E58F26F9DD1A007451DE /* CardListViewController.swift */,
				C166E59926F9EB8F007451DE /* CardDetailViewController.swift */,
				C166E58426F9AAEF007451DE /* Assets.xcassets */,
				C166E58626F9AAEF007451DE /* LaunchScreen.storyboard */,
				C166E58926F9AAEF007451DE /* Info.plist */,
			);
			path = CreditCardList;
			sourceTree = "<group>";
		};
/* End PBXGroup section */

/* Begin PBXNativeTarget section */
		C166E57726F9AAEB007451DE /* CreditCardList */ = {
			isa = PBXNativeTarget;
			buildConfigurationList = C166E58C26F9AAEF007451DE /* Build configuration list for PBXNativeTarget "CreditCardList" */;
			buildPhases = (
				A33E5F777171C7E7D516B6C2 /* [CP] Check Pods Manifest.lock */,
				C166E57426F9AAEB007451DE /* Sources */,
				C166E57526F9AAEB007451DE /* Frameworks */,
				C166E57626F9AAEB007451DE /* Resources */,
				6063211ABCBE9AEF4E9672BD /* [CP] Embed Pods Frameworks */,
			);
			buildRules = (
			);
			dependencies = (
			);
			name = CreditCardList;
			productName = CreditCardList;
			productReference = C166E57826F9AAEB007451DE /* CreditCardList.app */;
			productType = "com.apple.product-type.application";
		};
/* End PBXNativeTarget section */

/* Begin PBXProject section */
		C166E57026F9AAEB007451DE /* Project object */ = {
			isa = PBXProject;
			attributes = {
				LastSwiftUpdateCheck = 1250;
				LastUpgradeCheck = 1250;
				TargetAttributes = {
					C166E57726F9AAEB007451DE = {
						CreatedOnToolsVersion = 12.5.1;
					};
				};
			};
			buildConfigurationList = C166E57326F9AAEB007451DE /* Build configuration list for PBXProject "CreditCardList" */;
			compatibilityVersion = "Xcode 9.3";
			developmentRegion = en;
			hasScannedForEncodings = 0;
			knownRegions = (
				en,
				Base,
			);
			mainGroup = C166E56F26F9AAEB007451DE;
			productRefGroup = C166E57926F9AAEB007451DE /* Products */;
			projectDirPath = "";
			projectRoot = "";
			targets = (
				C166E57726F9AAEB007451DE /* CreditCardList */,
			);
		};
/* End PBXProject section */

/* Begin PBXResourcesBuildPhase section */
		C166E57626F9AAEB007451DE /* Resources */ = {
			isa = PBXResourcesBuildPhase;
			buildActionMask = 2147483647;
			files = (
				C166E58826F9AAEF007451DE /* LaunchScreen.storyboard in Resources */,
				C166E59E26F9F3FF007451DE /* GoogleService-Info.plist in Resources */,
				C166E58526F9AAEF007451DE /* Assets.xcassets in Resources */,
				C166E59C26F9ED75007451DE /* money.json in Resources */,
				C166E58326F9AAEB007451DE /* Main.storyboard in Resources */,
				C166E59626F9E123007451DE /* CardListCell.xib in Resources */,
			);
			runOnlyForDeploymentPostprocessing = 0;
		};
/* End PBXResourcesBuildPhase section */

/* Begin PBXShellScriptBuildPhase section */
		6063211ABCBE9AEF4E9672BD /* [CP] Embed Pods Frameworks */ = {
			isa = PBXShellScriptBuildPhase;
			buildActionMask = 2147483647;
			files = (
			);
			inputFileListPaths = (
				"${PODS_ROOT}/Target Support Files/Pods-CreditCardList/Pods-CreditCardList-frameworks-${CONFIGURATION}-input-files.xcfilelist",
			);
			name = "[CP] Embed Pods Frameworks";
			outputFileListPaths = (
				"${PODS_ROOT}/Target Support Files/Pods-CreditCardList/Pods-CreditCardList-frameworks-${CONFIGURATION}-output-files.xcfilelist",
			);
			runOnlyForDeploymentPostprocessing = 0;
			shellPath = /bin/sh;
			shellScript = "\"${PODS_ROOT}/Target Support Files/Pods-CreditCardList/Pods-CreditCardList-frameworks.sh\"\n";
			showEnvVarsInLog = 0;
		};
		A33E5F777171C7E7D516B6C2 /* [CP] Check Pods Manifest.lock */ = {
			isa = PBXShellScriptBuildPhase;
			buildActionMask = 2147483647;
			files = (
			);
			inputFileListPaths = (
			);
			inputPaths = (
				"${PODS_PODFILE_DIR_PATH}/Podfile.lock",
				"${PODS_ROOT}/Manifest.lock",
			);
			name = "[CP] Check Pods Manifest.lock";
			outputFileListPaths = (
			);
			outputPaths = (
				"$(DERIVED_FILE_DIR)/Pods-CreditCardList-checkManifestLockResult.txt",
			);
			runOnlyForDeploymentPostprocessing = 0;
			shellPath = /bin/sh;
			shellScript = "diff \"${PODS_PODFILE_DIR_PATH}/Podfile.lock\" \"${PODS_ROOT}/Manifest.lock\" > /dev/null\nif [ $? != 0 ] ; then\n    # print error to STDERR\n    echo \"error: The sandbox is not in sync with the Podfile.lock. Run 'pod install' or update your CocoaPods installation.\" >&2\n    exit 1\nfi\n# This output is used by Xcode 'outputs' to avoid re-running this script phase.\necho \"SUCCESS\" > \"${SCRIPT_OUTPUT_FILE_0}\"\n";
			showEnvVarsInLog = 0;
		};
/* End PBXShellScriptBuildPhase section */

/* Begin PBXSourcesBuildPhase section */
		C166E57426F9AAEB007451DE /* Sources */ = {
			isa = PBXSourcesBuildPhase;
			buildActionMask = 2147483647;
			files = (
				C166E59226F9E056007451DE /* CreditCard.swift in Sources */,
				C166E59A26F9EB8F007451DE /* CardDetailViewController.swift in Sources */,
				C166E59526F9E123007451DE /* CardListCell.swift in Sources */,
				C166E59026F9DD1A007451DE /* CardListViewController.swift in Sources */,
				C166E57C26F9AAEB007451DE /* AppDelegate.swift in Sources */,
				C166E57E26F9AAEB007451DE /* SceneDelegate.swift in Sources */,
			);
			runOnlyForDeploymentPostprocessing = 0;
		};
/* End PBXSourcesBuildPhase section */

/* Begin PBXVariantGroup section */
		C166E58126F9AAEB007451DE /* Main.storyboard */ = {
			isa = PBXVariantGroup;
			children = (
				C166E58226F9AAEB007451DE /* Base */,
			);
			name = Main.storyboard;
			sourceTree = "<group>";
		};
		C166E58626F9AAEF007451DE /* LaunchScreen.storyboard */ = {
			isa = PBXVariantGroup;
			children = (
				C166E58726F9AAEF007451DE /* Base */,
			);
			name = LaunchScreen.storyboard;
			sourceTree = "<group>";
		};
/* End PBXVariantGroup section */

/* Begin XCBuildConfiguration section */
		C166E58A26F9AAEF007451DE /* Debug */ = {
			isa = XCBuildConfiguration;
			buildSettings = {
				ALWAYS_SEARCH_USER_PATHS = NO;
				CLANG_ANALYZER_NONNULL = YES;
				CLANG_ANALYZER_NUMBER_OBJECT_CONVERSION = YES_AGGRESSIVE;
				CLANG_CXX_LANGUAGE_STANDARD = "gnu++14";
				CLANG_CXX_LIBRARY = "libc++";
				CLANG_ENABLE_MODULES = YES;
				CLANG_ENABLE_OBJC_ARC = YES;
				CLANG_ENABLE_OBJC_WEAK = YES;
				CLANG_WARN_BLOCK_CAPTURE_AUTORELEASING = YES;
				CLANG_WARN_BOOL_CONVERSION = YES;
				CLANG_WARN_COMMA = YES;
				CLANG_WARN_CONSTANT_CONVERSION = YES;
				CLANG_WARN_DEPRECATED_OBJC_IMPLEMENTATIONS = YES;
				CLANG_WARN_DIRECT_OBJC_ISA_USAGE = YES_ERROR;
				CLANG_WARN_DOCUMENTATION_COMMENTS = YES;
				CLANG_WARN_EMPTY_BODY = YES;
				CLANG_WARN_ENUM_CONVERSION = YES;
				CLANG_WARN_INFINITE_RECURSION = YES;
				CLANG_WARN_INT_CONVERSION = YES;
				CLANG_WARN_NON_LITERAL_NULL_CONVERSION = YES;
				CLANG_WARN_OBJC_IMPLICIT_RETAIN_SELF = YES;
				CLANG_WARN_OBJC_LITERAL_CONVERSION = YES;
				CLANG_WARN_OBJC_ROOT_CLASS = YES_ERROR;
				CLANG_WARN_QUOTED_INCLUDE_IN_FRAMEWORK_HEADER = YES;
				CLANG_WARN_RANGE_LOOP_ANALYSIS = YES;
				CLANG_WARN_STRICT_PROTOTYPES = YES;
				CLANG_WARN_SUSPICIOUS_MOVE = YES;
				CLANG_WARN_UNGUARDED_AVAILABILITY = YES_AGGRESSIVE;
				CLANG_WARN_UNREACHABLE_CODE = YES;
				CLANG_WARN__DUPLICATE_METHOD_MATCH = YES;
				COPY_PHASE_STRIP = NO;
				DEBUG_INFORMATION_FORMAT = dwarf;
				ENABLE_STRICT_OBJC_MSGSEND = YES;
				ENABLE_TESTABILITY = YES;
				GCC_C_LANGUAGE_STANDARD = gnu11;
				GCC_DYNAMIC_NO_PIC = NO;
				GCC_NO_COMMON_BLOCKS = YES;
				GCC_OPTIMIZATION_LEVEL = 0;
				GCC_PREPROCESSOR_DEFINITIONS = (
					"DEBUG=1",
					"$(inherited)",
				);
				GCC_WARN_64_TO_32_BIT_CONVERSION = YES;
				GCC_WARN_ABOUT_RETURN_TYPE = YES_ERROR;
				GCC_WARN_UNDECLARED_SELECTOR = YES;
				GCC_WARN_UNINITIALIZED_AUTOS = YES_AGGRESSIVE;
				GCC_WARN_UNUSED_FUNCTION = YES;
				GCC_WARN_UNUSED_VARIABLE = YES;
				IPHONEOS_DEPLOYMENT_TARGET = 14.5;
				MTL_ENABLE_DEBUG_INFO = INCLUDE_SOURCE;
				MTL_FAST_MATH = YES;
				ONLY_ACTIVE_ARCH = YES;
				SDKROOT = iphoneos;
				SWIFT_ACTIVE_COMPILATION_CONDITIONS = DEBUG;
				SWIFT_OPTIMIZATION_LEVEL = "-Onone";
			};
			name = Debug;
		};
		C166E58B26F9AAEF007451DE /* Release */ = {
			isa = XCBuildConfiguration;
			buildSettings = {
				ALWAYS_SEARCH_USER_PATHS = NO;
				CLANG_ANALYZER_NONNULL = YES;
				CLANG_ANALYZER_NUMBER_OBJECT_CONVERSION = YES_AGGRESSIVE;
				CLANG_CXX_LANGUAGE_STANDARD = "gnu++14";
				CLANG_CXX_LIBRARY = "libc++";
				CLANG_ENABLE_MODULES = YES;
				CLANG_ENABLE_OBJC_ARC = YES;
				CLANG_ENABLE_OBJC_WEAK = YES;
				CLANG_WARN_BLOCK_CAPTURE_AUTORELEASING = YES;
				CLANG_WARN_BOOL_CONVERSION = YES;
				CLANG_WARN_COMMA = YES;
				CLANG_WARN_CONSTANT_CONVERSION = YES;
				CLANG_WARN_DEPRECATED_OBJC_IMPLEMENTATIONS = YES;
				CLANG_WARN_DIRECT_OBJC_ISA_USAGE = YES_ERROR;
				CLANG_WARN_DOCUMENTATION_COMMENTS = YES;
				CLANG_WARN_EMPTY_BODY = YES;
				CLANG_WARN_ENUM_CONVERSION = YES;
				CLANG_WARN_INFINITE_RECURSION = YES;
				CLANG_WARN_INT_CONVERSION = YES;
				CLANG_WARN_NON_LITERAL_NULL_CONVERSION = YES;
				CLANG_WARN_OBJC_IMPLICIT_RETAIN_SELF = YES;
				CLANG_WARN_OBJC_LITERAL_CONVERSION = YES;
				CLANG_WARN_OBJC_ROOT_CLASS = YES_ERROR;
				CLANG_WARN_QUOTED_INCLUDE_IN_FRAMEWORK_HEADER = YES;
				CLANG_WARN_RANGE_LOOP_ANALYSIS = YES;
				CLANG_WARN_STRICT_PROTOTYPES = YES;
				CLANG_WARN_SUSPICIOUS_MOVE = YES;
				CLANG_WARN_UNGUARDED_AVAILABILITY = YES_AGGRESSIVE;
				CLANG_WARN_UNREACHABLE_CODE = YES;
				CLANG_WARN__DUPLICATE_METHOD_MATCH = YES;
				COPY_PHASE_STRIP = NO;
				DEBUG_INFORMATION_FORMAT = "dwarf-with-dsym";
				ENABLE_NS_ASSERTIONS = NO;
				ENABLE_STRICT_OBJC_MSGSEND = YES;
				GCC_C_LANGUAGE_STANDARD = gnu11;
				GCC_NO_COMMON_BLOCKS = YES;
				GCC_WARN_64_TO_32_BIT_CONVERSION = YES;
				GCC_WARN_ABOUT_RETURN_TYPE = YES_ERROR;
				GCC_WARN_UNDECLARED_SELECTOR = YES;
				GCC_WARN_UNINITIALIZED_AUTOS = YES_AGGRESSIVE;
				GCC_WARN_UNUSED_FUNCTION = YES;
				GCC_WARN_UNUSED_VARIABLE = YES;
				IPHONEOS_DEPLOYMENT_TARGET = 14.5;
				MTL_ENABLE_DEBUG_INFO = NO;
				MTL_FAST_MATH = YES;
				SDKROOT = iphoneos;
				SWIFT_COMPILATION_MODE = wholemodule;
				SWIFT_OPTIMIZATION_LEVEL = "-O";
				VALIDATE_PRODUCT = YES;
			};
			name = Release;
		};
		C166E58D26F9AAEF007451DE /* Debug */ = {
			isa = XCBuildConfiguration;
			baseConfigurationReference = CE15D610B0E1A81CB5DADAEE /* Pods-CreditCardList.debug.xcconfig */;
			buildSettings = {
				ASSETCATALOG_COMPILER_APPICON_NAME = AppIcon;
				ASSETCATALOG_COMPILER_GLOBAL_ACCENT_COLOR_NAME = AccentColor;
				CODE_SIGN_STYLE = Automatic;
				DEVELOPMENT_TEAM = 9Y2YJ5DNS7;
				INFOPLIST_FILE = CreditCardList/Info.plist;
				LD_RUNPATH_SEARCH_PATHS = (
					"$(inherited)",
					"@executable_path/Frameworks",
				);
				PRODUCT_BUNDLE_IDENTIFIER = doitduri.CreditCardList;
				PRODUCT_NAME = "$(TARGET_NAME)";
				SWIFT_VERSION = 5.0;
				TARGETED_DEVICE_FAMILY = "1,2";
			};
			name = Debug;
		};
		C166E58E26F9AAEF007451DE /* Release */ = {
			isa = XCBuildConfiguration;
			baseConfigurationReference = C6E5CDF3A3529C7FC6CFD7AF /* Pods-CreditCardList.release.xcconfig */;
			buildSettings = {
				ASSETCATALOG_COMPILER_APPICON_NAME = AppIcon;
				ASSETCATALOG_COMPILER_GLOBAL_ACCENT_COLOR_NAME = AccentColor;
				CODE_SIGN_STYLE = Automatic;
				DEVELOPMENT_TEAM = 9Y2YJ5DNS7;
				INFOPLIST_FILE = CreditCardList/Info.plist;
				LD_RUNPATH_SEARCH_PATHS = (
					"$(inherited)",
					"@executable_path/Frameworks",
				);
				PRODUCT_BUNDLE_IDENTIFIER = doitduri.CreditCardList;
				PRODUCT_NAME = "$(TARGET_NAME)";
				SWIFT_VERSION = 5.0;
				TARGETED_DEVICE_FAMILY = "1,2";
			};
			name = Release;
		};
/* End XCBuildConfiguration section */

/* Begin XCConfigurationList section */
		C166E57326F9AAEB007451DE /* Build configuration list for PBXProject "CreditCardList" */ = {
			isa = XCConfigurationList;
			buildConfigurations = (
				C166E58A26F9AAEF007451DE /* Debug */,
				C166E58B26F9AAEF007451DE /* Release */,
			);
			defaultConfigurationIsVisible = 0;
			defaultConfigurationName = Release;
		};
		C166E58C26F9AAEF007451DE /* Build configuration list for PBXNativeTarget "CreditCardList" */ = {
			isa = XCConfigurationList;
			buildConfigurations = (
				C166E58D26F9AAEF007451DE /* Debug */,
				C166E58E26F9AAEF007451DE /* Release */,
			);
			defaultConfigurationIsVisible = 0;
			defaultConfigurationName = Release;
		};
/* End XCConfigurationList section */
	};
	rootObject = C166E57026F9AAEB007451DE /* Project object */;
}
